
Microsoft Visual Studio Solution File, Format Version 12.00
# Visual Studio Version 16
VisualStudioVersion = 16.0.29318.209
MinimumVisualStudioVersion = 10.0.40219.1
Project("{FAE04EC0-301F-11D3-BF4B-00C04F79EFBC}") = "E-Commerce.Web", "E-Commerce.Web\E-Commerce.Web.csproj", "{E8620106-E46F-4EE7-A574-467A6B6AC285}"
EndProject
Global
	GlobalSection(SolutionConfigurationPlatforms) = preSolution
		Debug|Any CPU = Debug|Any CPU
		Release|Any CPU = Release|Any CPU
	EndGlobalSection
	GlobalSection(ProjectConfigurationPlatforms) = postSolution
		{E8620106-E46F-4EE7-A574-467A6B6AC285}.Debug|Any CPU.ActiveCfg = Debug|Any CPU
		{E8620106-E46F-4EE7-A574-467A6B6AC285}.Debug|Any CPU.Build.0 = Debug|Any CPU
		{E8620106-E46F-4EE7-A574-467A6B6AC285}.Release|Any CPU.ActiveCfg = Release|Any CPU
		{E8620106-E46F-4EE7-A574-467A6B6AC285}.Release|Any CPU.Build.0 = Release|Any CPU
	EndGlobalSection
	GlobalSection(SolutionProperties) = preSolution
		HideSolutionNode = FALSE
	EndGlobalSection
	GlobalSection(ExtensibilityGlobals) = postSolution
		SolutionGuid = {C6977CED-970A-456F-B636-6DA570AD9603}
	EndGlobalSection
EndGlobal
